
Microsoft Visual Studio Solution File, Format Version 12.00
# Visual Studio Version 16
VisualStudioVersion = 16.0.29326.143
MinimumVisualStudioVersion = 10.0.40219.1
Project("{FAE04EC0-301F-11D3-BF4B-00C04F79EFBC}") = "DICTIONARYHASH", "DICTIONARYHASH.csproj", "{6B645246-D111-4A33-A160-747EC5CC22EE}"
EndProject
Global
	GlobalSection(SolutionConfigurationPlatforms) = preSolution
		Debug|Any CPU = Debug|Any CPU
		Release|Any CPU = Release|Any CPU
	EndGlobalSection
	GlobalSection(ProjectConfigurationPlatforms) = postSolution
		{6B645246-D111-4A33-A160-747EC5CC22EE}.Debug|Any CPU.ActiveCfg = Debug|Any CPU
		{6B645246-D111-4A33-A160-747EC5CC22EE}.Debug|Any CPU.Build.0 = Debug|Any CPU
		{6B645246-D111-4A33-A160-747EC5CC22EE}.Release|Any CPU.ActiveCfg = Release|Any CPU
		{6B645246-D111-4A33-A160-747EC5CC22EE}.Release|Any CPU.Build.0 = Release|Any CPU
	EndGlobalSection
	GlobalSection(SolutionProperties) = preSolution
		HideSolutionNode = FALSE
	EndGlobalSection
	GlobalSection(ExtensibilityGlobals) = postSolution
		SolutionGuid = {13CDD257-BCFB-449D-AEF9-9EFFD70607F8}
	EndGlobalSection
EndGlobal
